{
  "name": "kbdlight",
  "version": "1.0.0",
  "lockfileVersion": 3,
  "requires": true,
  "packages": {
    "": {
      "name": "kbdlight",
      "version": "1.0.0",
      "license": "MIT",
      "os": [
        "darwin"
      ],
      "dependencies": {
        "koffi": "^2.16.3"
      },
      "bin": {
        "kbdlight": "bin/kbdlight.js"
      },
      "engines": {
        "node": ">=16"
      }
    },
    "node_modules/koffi": {
      "version": "2.16.3",
      "resolved": "https://registry.npmjs.org/koffi/-/koffi-2.16.3.tgz",
      "integrity": "sha512-E9y1AsgYGlaxMhcZzHr8y96QF2U5XzA12GGVAfbWqIubTwPNMXQarfBzePNXHe0xtIEtNd6ifAv3GAKYGUeBAQ==",
      "hasInstallScript": true,
      "license": "MIT",
      "funding": {
        "url": "https://liberapay.com/Koromix"
      }
    }
  }
}
